
Microsoft Visual Studio Solution File, Format Version 12.00
# Visual Studio Version 17
VisualStudioVersion = 17.8.34316.72
MinimumVisualStudioVersion = 10.0.40219.1
Project("{FAE04EC0-301F-11D3-BF4B-00C04F79EFBC}") = "Task2", "Task2\Task2.csproj", "{BE4D6733-8F60-499E-A773-D210F59D940B}"
EndProject
Global
	GlobalSection(SolutionConfigurationPlatforms) = preSolution
		Debug|Any CPU = Debug|Any CPU
		Release|Any CPU = Release|Any CPU
	EndGlobalSection
	GlobalSection(ProjectConfigurationPlatforms) = postSolution
		{BE4D6733-8F60-499E-A773-D210F59D940B}.Debug|Any CPU.ActiveCfg = Debug|Any CPU
		{BE4D6733-8F60-499E-A773-D210F59D940B}.Debug|Any CPU.Build.0 = Debug|Any CPU
		{BE4D6733-8F60-499E-A773-D210F59D940B}.Release|Any CPU.ActiveCfg = Release|Any CPU
		{BE4D6733-8F60-499E-A773-D210F59D940B}.Release|Any CPU.Build.0 = Release|Any CPU
	EndGlobalSection
	GlobalSection(SolutionProperties) = preSolution
		HideSolutionNode = FALSE
	EndGlobalSection
	GlobalSection(ExtensibilityGlobals) = postSolution
		SolutionGuid = {8BED60C8-E70B-4699-800B-287FBF770A8E}
	EndGlobalSection
EndGlobal
